
Microsoft Visual Studio Solution File, Format Version 12.00
# Visual Studio Version 16
VisualStudioVersion = 16.0.30503.244
MinimumVisualStudioVersion = 10.0.40219.1
Project("{9A19103F-16F7-4668-BE54-9A1E7A4F7556}") = "TASVideos", "TASVideos\TASVideos.csproj", "{B386F775-4453-4ADB-906F-F081FE8459EF}"
EndProject
Project("{9A19103F-16F7-4668-BE54-9A1E7A4F7556}") = "TASVideos.WikiEngine", "TASVideos.WikiEngine\TASVideos.WikiEngine.csproj", "{C2DE4347-54F6-4842-9EFF-8B663C412136}"
EndProject
Project("{9A19103F-16F7-4668-BE54-9A1E7A4F7556}") = "TASVideos.MovieParsers", "TASVideos.Parsers\TASVideos.MovieParsers.csproj", "{6E24226D-07E3-40B6-BDBA-C964B9CE75A0}"
EndProject
Project("{9A19103F-16F7-4668-BE54-9A1E7A4F7556}") = "TASVideos.Data", "TASVideos.Data\TASVideos.Data.csproj", "{207BCA9C-B0F3-441F-859A-45E2670542E9}"
EndProject
Project("{9A19103F-16F7-4668-BE54-9A1E7A4F7556}") = "TASVideos.ForumEngine", "TASVideos.ForumEngine\TASVideos.ForumEngine.csproj", "{22B7D9F3-AD80-40CD-BA5B-07F16D7C3759}"
EndProject
Project("{9A19103F-16F7-4668-BE54-9A1E7A4F7556}") = "TASVideos.Api", "TASVideos.Api\TASVideos.Api.csproj", "{3CA1C217-1A70-4325-84F0-591ABC2AB1CD}"
EndProject
Project("{9A19103F-16F7-4668-BE54-9A1E7A4F7556}") = "TASVideos.Common", "TASVideos.Common\TASVideos.Common.csproj", "{EADBD726-2EC5-4405-9D85-8668BEA7B816}"
EndProject
Project("{2150E333-8FDC-42A3-9474-1A3956D46DE8}") = "Solution Items", "Solution Items", "{D018E134-6444-4AAF-B36F-CC3AECF2973F}"
	ProjectSection(SolutionItems) = preProject
		.editorconfig = .editorconfig
		.stylecop.json = .stylecop.json
		Common.ruleset = Common.ruleset
		Directory.Build.props = Directory.Build.props
	EndProjectSection
EndProject
Project("{9A19103F-16F7-4668-BE54-9A1E7A4F7556}") = "TASVideos.Core", "TASVideos.Core\TASVideos.Core.csproj", "{95CB10F9-AD46-4EE0-9606-E97FF993251F}"
EndProject
Project("{9A19103F-16F7-4668-BE54-9A1E7A4F7556}") = "TASVideos.RazorPages.Tests", "tests\TASVideos.Test\TASVideos.RazorPages.Tests.csproj", "{893A38DC-2450-41C2-A607-6F92310B67F0}"
EndProject
Project("{2150E333-8FDC-42A3-9474-1A3956D46DE8}") = "tests", "tests", "{90FD968F-E914-4E3E-8B68-9D58AE560E7B}"
EndProject
Project("{9A19103F-16F7-4668-BE54-9A1E7A4F7556}") = "TASVideos.ForumEngineTempTest", "tests\TASVideos.ForumEngineTempTest\TASVideos.ForumEngineTempTest.csproj", "{CE043BFA-5B28-4535-8D16-C3D5CFB80721}"
EndProject
Project("{9A19103F-16F7-4668-BE54-9A1E7A4F7556}") = "TASVideos.WikiEngine.Snapshots", "tests\TASVideos.WikiEngine.Snapshots\TASVideos.WikiEngine.Snapshots.csproj", "{B77697FC-2AF4-4313-8A04-5EFF7CBBDE4A}"
EndProject
Project("{2150E333-8FDC-42A3-9474-1A3956D46DE8}") = "Engines", "Engines", "{22903760-DD4F-48F4-AA7C-031475AEE2C6}"
EndProject
Project("{9A19103F-16F7-4668-BE54-9A1E7A4F7556}") = "TASVideos.Data.Tests", "tests\TASVideos.Data.Tests\TASVideos.Data.Tests.csproj", "{ACD8164A-D4DC-4549-BF6A-6B2763240D44}"
EndProject
Project("{9A19103F-16F7-4668-BE54-9A1E7A4F7556}") = "TASVideos.Common.Tests", "tests\TASVideos.Common.Tests\TASVideos.Common.Tests.csproj", "{14DDF535-FEE9-4029-840E-8B8419ED613F}"
EndProject
Project("{9A19103F-16F7-4668-BE54-9A1E7A4F7556}") = "TASVideos.Core.Tests", "tests\TASVideos.Core.Tests\TASVideos.Core.Tests.csproj", "{0EAD8F8F-AFCF-4170-91DF-2413E1C35276}"
EndProject
Project("{9A19103F-16F7-4668-BE54-9A1E7A4F7556}") = "TASVideos.MovieParsers.Tests", "tests\TASVideos.MovieParsers.Tests\TASVideos.MovieParsers.Tests.csproj", "{302D8FC3-ACF0-4BBD-B4CB-D45E389C9AF2}"
EndProject
Project("{9A19103F-16F7-4668-BE54-9A1E7A4F7556}") = "TASVideos.WikiEngine.Tests", "tests\TASVideos.WikiEngine.Tests\TASVideos.WikiEngine.Tests.csproj", "{8F91456B-D4F5-4C76-B301-E25ED4DFA62C}"
EndProject
Project("{9A19103F-16F7-4668-BE54-9A1E7A4F7556}") = "TASVideos.Api.Tests", "tests\TASVideos.Api.Tests\TASVideos.Api.Tests.csproj", "{20000519-BF96-4AA1-B117-4E5897A35054}"
EndProject
Project("{9A19103F-16F7-4668-BE54-9A1E7A4F7556}") = "TASVideos.Tests.Base", "tests\TASVideos.Tests.Base\TASVideos.Tests.Base.csproj", "{D4940FE4-3543-4BF1-B3F6-1B959A4DECC2}"
EndProject
Global
	GlobalSection(SolutionConfigurationPlatforms) = preSolution
		Debug|Any CPU = Debug|Any CPU
		Release|Any CPU = Release|Any CPU
	EndGlobalSection
	GlobalSection(ProjectConfigurationPlatforms) = postSolution
		{B386F775-4453-4ADB-906F-F081FE8459EF}.Debug|Any CPU.ActiveCfg = Debug|Any CPU
		{B386F775-4453-4ADB-906F-F081FE8459EF}.Debug|Any CPU.Build.0 = Debug|Any CPU
		{B386F775-4453-4ADB-906F-F081FE8459EF}.Release|Any CPU.ActiveCfg = Release|Any CPU
		{B386F775-4453-4ADB-906F-F081FE8459EF}.Release|Any CPU.Build.0 = Release|Any CPU
		{C2DE4347-54F6-4842-9EFF-8B663C412136}.Debug|Any CPU.ActiveCfg = Debug|Any CPU
		{C2DE4347-54F6-4842-9EFF-8B663C412136}.Debug|Any CPU.Build.0 = Debug|Any CPU
		{C2DE4347-54F6-4842-9EFF-8B663C412136}.Release|Any CPU.ActiveCfg = Release|Any CPU
		{C2DE4347-54F6-4842-9EFF-8B663C412136}.Release|Any CPU.Build.0 = Release|Any CPU
		{6E24226D-07E3-40B6-BDBA-C964B9CE75A0}.Debug|Any CPU.ActiveCfg = Debug|Any CPU
		{6E24226D-07E3-40B6-BDBA-C964B9CE75A0}.Debug|Any CPU.Build.0 = Debug|Any CPU
		{6E24226D-07E3-40B6-BDBA-C964B9CE75A0}.Release|Any CPU.ActiveCfg = Release|Any CPU
		{6E24226D-07E3-40B6-BDBA-C964B9CE75A0}.Release|Any CPU.Build.0 = Release|Any CPU
		{207BCA9C-B0F3-441F-859A-45E2670542E9}.Debug|Any CPU.ActiveCfg = Debug|Any CPU
		{207BCA9C-B0F3-441F-859A-45E2670542E9}.Debug|Any CPU.Build.0 = Debug|Any CPU
		{207BCA9C-B0F3-441F-859A-45E2670542E9}.Release|Any CPU.ActiveCfg = Release|Any CPU
		{207BCA9C-B0F3-441F-859A-45E2670542E9}.Release|Any CPU.Build.0 = Release|Any CPU
		{22B7D9F3-AD80-40CD-BA5B-07F16D7C3759}.Debug|Any CPU.ActiveCfg = Debug|Any CPU
		{22B7D9F3-AD80-40CD-BA5B-07F16D7C3759}.Debug|Any CPU.Build.0 = Debug|Any CPU
		{22B7D9F3-AD80-40CD-BA5B-07F16D7C3759}.Release|Any CPU.ActiveCfg = Release|Any CPU
		{22B7D9F3-AD80-40CD-BA5B-07F16D7C3759}.Release|Any CPU.Build.0 = Release|Any CPU
		{3CA1C217-1A70-4325-84F0-591ABC2AB1CD}.Debug|Any CPU.ActiveCfg = Debug|Any CPU
		{3CA1C217-1A70-4325-84F0-591ABC2AB1CD}.Debug|Any CPU.Build.0 = Debug|Any CPU
		{3CA1C217-1A70-4325-84F0-591ABC2AB1CD}.Release|Any CPU.ActiveCfg = Release|Any CPU
		{3CA1C217-1A70-4325-84F0-591ABC2AB1CD}.Release|Any CPU.Build.0 = Release|Any CPU
		{EADBD726-2EC5-4405-9D85-8668BEA7B816}.Debug|Any CPU.ActiveCfg = Debug|Any CPU
		{EADBD726-2EC5-4405-9D85-8668BEA7B816}.Debug|Any CPU.Build.0 = Debug|Any CPU
		{EADBD726-2EC5-4405-9D85-8668BEA7B816}.Release|Any CPU.ActiveCfg = Release|Any CPU
		{EADBD726-2EC5-4405-9D85-8668BEA7B816}.Release|Any CPU.Build.0 = Release|Any CPU
		{95CB10F9-AD46-4EE0-9606-E97FF993251F}.Debug|Any CPU.ActiveCfg = Debug|Any CPU
		{95CB10F9-AD46-4EE0-9606-E97FF993251F}.Debug|Any CPU.Build.0 = Debug|Any CPU
		{95CB10F9-AD46-4EE0-9606-E97FF993251F}.Release|Any CPU.ActiveCfg = Release|Any CPU
		{95CB10F9-AD46-4EE0-9606-E97FF993251F}.Release|Any CPU.Build.0 = Release|Any CPU
		{893A38DC-2450-41C2-A607-6F92310B67F0}.Debug|Any CPU.ActiveCfg = Debug|Any CPU
		{893A38DC-2450-41C2-A607-6F92310B67F0}.Debug|Any CPU.Build.0 = Debug|Any CPU
		{893A38DC-2450-41C2-A607-6F92310B67F0}.Release|Any CPU.ActiveCfg = Release|Any CPU
		{CE043BFA-5B28-4535-8D16-C3D5CFB80721}.Debug|Any CPU.ActiveCfg = Debug|Any CPU
		{CE043BFA-5B28-4535-8D16-C3D5CFB80721}.Debug|Any CPU.Build.0 = Debug|Any CPU
		{CE043BFA-5B28-4535-8D16-C3D5CFB80721}.Release|Any CPU.ActiveCfg = Release|Any CPU
		{B77697FC-2AF4-4313-8A04-5EFF7CBBDE4A}.Debug|Any CPU.ActiveCfg = Debug|Any CPU
		{B77697FC-2AF4-4313-8A04-5EFF7CBBDE4A}.Debug|Any CPU.Build.0 = Debug|Any CPU
		{B77697FC-2AF4-4313-8A04-5EFF7CBBDE4A}.Release|Any CPU.ActiveCfg = Release|Any CPU
		{ACD8164A-D4DC-4549-BF6A-6B2763240D44}.Debug|Any CPU.ActiveCfg = Debug|Any CPU
		{ACD8164A-D4DC-4549-BF6A-6B2763240D44}.Debug|Any CPU.Build.0 = Debug|Any CPU
		{ACD8164A-D4DC-4549-BF6A-6B2763240D44}.Release|Any CPU.ActiveCfg = Release|Any CPU
		{14DDF535-FEE9-4029-840E-8B8419ED613F}.Debug|Any CPU.ActiveCfg = Debug|Any CPU
		{14DDF535-FEE9-4029-840E-8B8419ED613F}.Debug|Any CPU.Build.0 = Debug|Any CPU
		{14DDF535-FEE9-4029-840E-8B8419ED613F}.Release|Any CPU.ActiveCfg = Release|Any CPU
		{0EAD8F8F-AFCF-4170-91DF-2413E1C35276}.Debug|Any CPU.ActiveCfg = Debug|Any CPU
		{0EAD8F8F-AFCF-4170-91DF-2413E1C35276}.Debug|Any CPU.Build.0 = Debug|Any CPU
		{0EAD8F8F-AFCF-4170-91DF-2413E1C35276}.Release|Any CPU.ActiveCfg = Release|Any CPU
		{302D8FC3-ACF0-4BBD-B4CB-D45E389C9AF2}.Debug|Any CPU.ActiveCfg = Debug|Any CPU
		{302D8FC3-ACF0-4BBD-B4CB-D45E389C9AF2}.Debug|Any CPU.Build.0 = Debug|Any CPU
		{302D8FC3-ACF0-4BBD-B4CB-D45E389C9AF2}.Release|Any CPU.ActiveCfg = Release|Any CPU
		{8F91456B-D4F5-4C76-B301-E25ED4DFA62C}.Debug|Any CPU.ActiveCfg = Debug|Any CPU
		{8F91456B-D4F5-4C76-B301-E25ED4DFA62C}.Debug|Any CPU.Build.0 = Debug|Any CPU
		{8F91456B-D4F5-4C76-B301-E25ED4DFA62C}.Release|Any CPU.ActiveCfg = Release|Any CPU
		{20000519-BF96-4AA1-B117-4E5897A35054}.Debug|Any CPU.ActiveCfg = Debug|Any CPU
		{20000519-BF96-4AA1-B117-4E5897A35054}.Debug|Any CPU.Build.0 = Debug|Any CPU
		{20000519-BF96-4AA1-B117-4E5897A35054}.Release|Any CPU.ActiveCfg = Release|Any CPU
		{D4940FE4-3543-4BF1-B3F6-1B959A4DECC2}.Debug|Any CPU.ActiveCfg = Debug|Any CPU
		{D4940FE4-3543-4BF1-B3F6-1B959A4DECC2}.Debug|Any CPU.Build.0 = Debug|Any CPU
		{D4940FE4-3543-4BF1-B3F6-1B959A4DECC2}.Release|Any CPU.ActiveCfg = Release|Any CPU
	EndGlobalSection
	GlobalSection(SolutionProperties) = preSolution
		HideSolutionNode = FALSE
	EndGlobalSection
	GlobalSection(NestedProjects) = preSolution
		{C2DE4347-54F6-4842-9EFF-8B663C412136} = {22903760-DD4F-48F4-AA7C-031475AEE2C6}
		{22B7D9F3-AD80-40CD-BA5B-07F16D7C3759} = {22903760-DD4F-48F4-AA7C-031475AEE2C6}
		{893A38DC-2450-41C2-A607-6F92310B67F0} = {90FD968F-E914-4E3E-8B68-9D58AE560E7B}
		{CE043BFA-5B28-4535-8D16-C3D5CFB80721} = {90FD968F-E914-4E3E-8B68-9D58AE560E7B}
		{B77697FC-2AF4-4313-8A04-5EFF7CBBDE4A} = {90FD968F-E914-4E3E-8B68-9D58AE560E7B}
		{ACD8164A-D4DC-4549-BF6A-6B2763240D44} = {90FD968F-E914-4E3E-8B68-9D58AE560E7B}
		{14DDF535-FEE9-4029-840E-8B8419ED613F} = {90FD968F-E914-4E3E-8B68-9D58AE560E7B}
		{0EAD8F8F-AFCF-4170-91DF-2413E1C35276} = {90FD968F-E914-4E3E-8B68-9D58AE560E7B}
		{302D8FC3-ACF0-4BBD-B4CB-D45E389C9AF2} = {90FD968F-E914-4E3E-8B68-9D58AE560E7B}
		{8F91456B-D4F5-4C76-B301-E25ED4DFA62C} = {90FD968F-E914-4E3E-8B68-9D58AE560E7B}
		{20000519-BF96-4AA1-B117-4E5897A35054} = {90FD968F-E914-4E3E-8B68-9D58AE560E7B}
		{D4940FE4-3543-4BF1-B3F6-1B959A4DECC2} = {90FD968F-E914-4E3E-8B68-9D58AE560E7B}
	EndGlobalSection
	GlobalSection(ExtensibilityGlobals) = postSolution
		SolutionGuid = {67B2E8BD-92C7-442F-9560-C36E143E8E4C}
	EndGlobalSection
EndGlobal
